
Microsoft Visual Studio Solution File, Format Version 12.00
# Visual Studio Version 16
VisualStudioVersion = 16.0.30204.135
MinimumVisualStudioVersion = 15.0.26124.0
Project("{9A19103F-16F7-4668-BE54-9A1E7A4F7556}") = "FizzBuzz", "FizzBuzz\FizzBuzz.csproj", "{87A2BFCC-6DCD-4EB1-B307-C314A02F3A09}"
EndProject
Project("{9A19103F-16F7-4668-BE54-9A1E7A4F7556}") = "FizzBuzzTest", "FizzBuzzTest\FizzBuzzTest.csproj", "{75CBBFD6-BC15-4B56-B309-CE5CE71AC3FF}"
EndProject
Project("{9A19103F-16F7-4668-BE54-9A1E7A4F7556}") = "FizzBuzzClassLibrary", "FizzBuzzClassLibrary\FizzBuzzClassLibrary.csproj", "{8FD47AE9-97DB-4D40-99FF-2DE491E115BE}"
EndProject
Project("{9A19103F-16F7-4668-BE54-9A1E7A4F7556}") = "CLI", "CLI\CLI.csproj", "{887F8820-0DBF-4C4B-A780-513BDF536B92}"
EndProject
Project("{9A19103F-16F7-4668-BE54-9A1E7A4F7556}") = "Domain", "Domain\Domain.csproj", "{981CA71C-7772-4D08-8D35-7A05C2E1D637}"
EndProject
Project("{9A19103F-16F7-4668-BE54-9A1E7A4F7556}") = "PayCalculator", "PayCalculator\PayCalculator.csproj", "{24C9F372-3733-4A62-A9E3-9C60C0AFF25A}"
EndProject
Project("{9A19103F-16F7-4668-BE54-9A1E7A4F7556}") = "PrintMoney", "PrintMoney\PrintMoney.csproj", "{22EC8871-0563-48F4-9DB8-9B3D3FA03888}"
EndProject
Project("{FAE04EC0-301F-11D3-BF4B-00C04F79EFBC}") = "GenericsDemo", "GenericsDemo\GenericsDemo.csproj", "{FE7B1ED2-779F-4C43-BFF2-F25328A2BA30}"
EndProject
Global
	GlobalSection(SolutionConfigurationPlatforms) = preSolution
		Debug|Any CPU = Debug|Any CPU
		Debug|x64 = Debug|x64
		Debug|x86 = Debug|x86
		Release|Any CPU = Release|Any CPU
		Release|x64 = Release|x64
		Release|x86 = Release|x86
	EndGlobalSection
	GlobalSection(ProjectConfigurationPlatforms) = postSolution
		{87A2BFCC-6DCD-4EB1-B307-C314A02F3A09}.Debug|Any CPU.ActiveCfg = Debug|Any CPU
		{87A2BFCC-6DCD-4EB1-B307-C314A02F3A09}.Debug|Any CPU.Build.0 = Debug|Any CPU
		{87A2BFCC-6DCD-4EB1-B307-C314A02F3A09}.Debug|x64.ActiveCfg = Debug|Any CPU
		{87A2BFCC-6DCD-4EB1-B307-C314A02F3A09}.Debug|x64.Build.0 = Debug|Any CPU
		{87A2BFCC-6DCD-4EB1-B307-C314A02F3A09}.Debug|x86.ActiveCfg = Debug|Any CPU
		{87A2BFCC-6DCD-4EB1-B307-C314A02F3A09}.Debug|x86.Build.0 = Debug|Any CPU
		{87A2BFCC-6DCD-4EB1-B307-C314A02F3A09}.Release|Any CPU.ActiveCfg = Release|Any CPU
		{87A2BFCC-6DCD-4EB1-B307-C314A02F3A09}.Release|Any CPU.Build.0 = Release|Any CPU
		{87A2BFCC-6DCD-4EB1-B307-C314A02F3A09}.Release|x64.ActiveCfg = Release|Any CPU
		{87A2BFCC-6DCD-4EB1-B307-C314A02F3A09}.Release|x64.Build.0 = Release|Any CPU
		{87A2BFCC-6DCD-4EB1-B307-C314A02F3A09}.Release|x86.ActiveCfg = Release|Any CPU
		{87A2BFCC-6DCD-4EB1-B307-C314A02F3A09}.Release|x86.Build.0 = Release|Any CPU
		{75CBBFD6-BC15-4B56-B309-CE5CE71AC3FF}.Debug|Any CPU.ActiveCfg = Debug|Any CPU
		{75CBBFD6-BC15-4B56-B309-CE5CE71AC3FF}.Debug|Any CPU.Build.0 = Debug|Any CPU
		{75CBBFD6-BC15-4B56-B309-CE5CE71AC3FF}.Debug|x64.ActiveCfg = Debug|Any CPU
		{75CBBFD6-BC15-4B56-B309-CE5CE71AC3FF}.Debug|x64.Build.0 = Debug|Any CPU
		{75CBBFD6-BC15-4B56-B309-CE5CE71AC3FF}.Debug|x86.ActiveCfg = Debug|Any CPU
		{75CBBFD6-BC15-4B56-B309-CE5CE71AC3FF}.Debug|x86.Build.0 = Debug|Any CPU
		{75CBBFD6-BC15-4B56-B309-CE5CE71AC3FF}.Release|Any CPU.ActiveCfg = Release|Any CPU
		{75CBBFD6-BC15-4B56-B309-CE5CE71AC3FF}.Release|Any CPU.Build.0 = Release|Any CPU
		{75CBBFD6-BC15-4B56-B309-CE5CE71AC3FF}.Release|x64.ActiveCfg = Release|Any CPU
		{75CBBFD6-BC15-4B56-B309-CE5CE71AC3FF}.Release|x64.Build.0 = Release|Any CPU
		{75CBBFD6-BC15-4B56-B309-CE5CE71AC3FF}.Release|x86.ActiveCfg = Release|Any CPU
		{75CBBFD6-BC15-4B56-B309-CE5CE71AC3FF}.Release|x86.Build.0 = Release|Any CPU
		{8FD47AE9-97DB-4D40-99FF-2DE491E115BE}.Debug|Any CPU.ActiveCfg = Debug|Any CPU
		{8FD47AE9-97DB-4D40-99FF-2DE491E115BE}.Debug|Any CPU.Build.0 = Debug|Any CPU
		{8FD47AE9-97DB-4D40-99FF-2DE491E115BE}.Debug|x64.ActiveCfg = Debug|Any CPU
		{8FD47AE9-97DB-4D40-99FF-2DE491E115BE}.Debug|x64.Build.0 = Debug|Any CPU
		{8FD47AE9-97DB-4D40-99FF-2DE491E115BE}.Debug|x86.ActiveCfg = Debug|Any CPU
		{8FD47AE9-97DB-4D40-99FF-2DE491E115BE}.Debug|x86.Build.0 = Debug|Any CPU
		{8FD47AE9-97DB-4D40-99FF-2DE491E115BE}.Release|Any CPU.ActiveCfg = Release|Any CPU
		{8FD47AE9-97DB-4D40-99FF-2DE491E115BE}.Release|Any CPU.Build.0 = Release|Any CPU
		{8FD47AE9-97DB-4D40-99FF-2DE491E115BE}.Release|x64.ActiveCfg = Release|Any CPU
		{8FD47AE9-97DB-4D40-99FF-2DE491E115BE}.Release|x64.Build.0 = Release|Any CPU
		{8FD47AE9-97DB-4D40-99FF-2DE491E115BE}.Release|x86.ActiveCfg = Release|Any CPU
		{8FD47AE9-97DB-4D40-99FF-2DE491E115BE}.Release|x86.Build.0 = Release|Any CPU
		{887F8820-0DBF-4C4B-A780-513BDF536B92}.Debug|Any CPU.ActiveCfg = Debug|Any CPU
		{887F8820-0DBF-4C4B-A780-513BDF536B92}.Debug|Any CPU.Build.0 = Debug|Any CPU
		{887F8820-0DBF-4C4B-A780-513BDF536B92}.Debug|x64.ActiveCfg = Debug|Any CPU
		{887F8820-0DBF-4C4B-A780-513BDF536B92}.Debug|x64.Build.0 = Debug|Any CPU
		{887F8820-0DBF-4C4B-A780-513BDF536B92}.Debug|x86.ActiveCfg = Debug|Any CPU
		{887F8820-0DBF-4C4B-A780-513BDF536B92}.Debug|x86.Build.0 = Debug|Any CPU
		{887F8820-0DBF-4C4B-A780-513BDF536B92}.Release|Any CPU.ActiveCfg = Release|Any CPU
		{887F8820-0DBF-4C4B-A780-513BDF536B92}.Release|Any CPU.Build.0 = Release|Any CPU
		{887F8820-0DBF-4C4B-A780-513BDF536B92}.Release|x64.ActiveCfg = Release|Any CPU
		{887F8820-0DBF-4C4B-A780-513BDF536B92}.Release|x64.Build.0 = Release|Any CPU
		{887F8820-0DBF-4C4B-A780-513BDF536B92}.Release|x86.ActiveCfg = Release|Any CPU
		{887F8820-0DBF-4C4B-A780-513BDF536B92}.Release|x86.Build.0 = Release|Any CPU
		{981CA71C-7772-4D08-8D35-7A05C2E1D637}.Debug|Any CPU.ActiveCfg = Debug|Any CPU
		{981CA71C-7772-4D08-8D35-7A05C2E1D637}.Debug|Any CPU.Build.0 = Debug|Any CPU
		{981CA71C-7772-4D08-8D35-7A05C2E1D637}.Debug|x64.ActiveCfg = Debug|Any CPU
		{981CA71C-7772-4D08-8D35-7A05C2E1D637}.Debug|x64.Build.0 = Debug|Any CPU
		{981CA71C-7772-4D08-8D35-7A05C2E1D637}.Debug|x86.ActiveCfg = Debug|Any CPU
		{981CA71C-7772-4D08-8D35-7A05C2E1D637}.Debug|x86.Build.0 = Debug|Any CPU
		{981CA71C-7772-4D08-8D35-7A05C2E1D637}.Release|Any CPU.ActiveCfg = Release|Any CPU
		{981CA71C-7772-4D08-8D35-7A05C2E1D637}.Release|Any CPU.Build.0 = Release|Any CPU
		{981CA71C-7772-4D08-8D35-7A05C2E1D637}.Release|x64.ActiveCfg = Release|Any CPU
		{981CA71C-7772-4D08-8D35-7A05C2E1D637}.Release|x64.Build.0 = Release|Any CPU
		{981CA71C-7772-4D08-8D35-7A05C2E1D637}.Release|x86.ActiveCfg = Release|Any CPU
		{981CA71C-7772-4D08-8D35-7A05C2E1D637}.Release|x86.Build.0 = Release|Any CPU
		{24C9F372-3733-4A62-A9E3-9C60C0AFF25A}.Debug|Any CPU.ActiveCfg = Debug|Any CPU
		{24C9F372-3733-4A62-A9E3-9C60C0AFF25A}.Debug|Any CPU.Build.0 = Debug|Any CPU
		{24C9F372-3733-4A62-A9E3-9C60C0AFF25A}.Debug|x64.ActiveCfg = Debug|Any CPU
		{24C9F372-3733-4A62-A9E3-9C60C0AFF25A}.Debug|x64.Build.0 = Debug|Any CPU
		{24C9F372-3733-4A62-A9E3-9C60C0AFF25A}.Debug|x86.ActiveCfg = Debug|Any CPU
		{24C9F372-3733-4A62-A9E3-9C60C0AFF25A}.Debug|x86.Build.0 = Debug|Any CPU
		{24C9F372-3733-4A62-A9E3-9C60C0AFF25A}.Release|Any CPU.ActiveCfg = Release|Any CPU
		{24C9F372-3733-4A62-A9E3-9C60C0AFF25A}.Release|Any CPU.Build.0 = Release|Any CPU
		{24C9F372-3733-4A62-A9E3-9C60C0AFF25A}.Release|x64.ActiveCfg = Release|Any CPU
		{24C9F372-3733-4A62-A9E3-9C60C0AFF25A}.Release|x64.Build.0 = Release|Any CPU
		{24C9F372-3733-4A62-A9E3-9C60C0AFF25A}.Release|x86.ActiveCfg = Release|Any CPU
		{24C9F372-3733-4A62-A9E3-9C60C0AFF25A}.Release|x86.Build.0 = Release|Any CPU
		{22EC8871-0563-48F4-9DB8-9B3D3FA03888}.Debug|Any CPU.ActiveCfg = Debug|Any CPU
		{22EC8871-0563-48F4-9DB8-9B3D3FA03888}.Debug|Any CPU.Build.0 = Debug|Any CPU
		{22EC8871-0563-48F4-9DB8-9B3D3FA03888}.Debug|x64.ActiveCfg = Debug|Any CPU
		{22EC8871-0563-48F4-9DB8-9B3D3FA03888}.Debug|x64.Build.0 = Debug|Any CPU
		{22EC8871-0563-48F4-9DB8-9B3D3FA03888}.Debug|x86.ActiveCfg = Debug|Any CPU
		{22EC8871-0563-48F4-9DB8-9B3D3FA03888}.Debug|x86.Build.0 = Debug|Any CPU
		{22EC8871-0563-48F4-9DB8-9B3D3FA03888}.Release|Any CPU.ActiveCfg = Release|Any CPU
		{22EC8871-0563-48F4-9DB8-9B3D3FA03888}.Release|Any CPU.Build.0 = Release|Any CPU
		{22EC8871-0563-48F4-9DB8-9B3D3FA03888}.Release|x64.ActiveCfg = Release|Any CPU
		{22EC8871-0563-48F4-9DB8-9B3D3FA03888}.Release|x64.Build.0 = Release|Any CPU
		{22EC8871-0563-48F4-9DB8-9B3D3FA03888}.Release|x86.ActiveCfg = Release|Any CPU
		{22EC8871-0563-48F4-9DB8-9B3D3FA03888}.Release|x86.Build.0 = Release|Any CPU
		{FE7B1ED2-779F-4C43-BFF2-F25328A2BA30}.Debug|Any CPU.ActiveCfg = Debug|Any CPU
		{FE7B1ED2-779F-4C43-BFF2-F25328A2BA30}.Debug|Any CPU.Build.0 = Debug|Any CPU
		{FE7B1ED2-779F-4C43-BFF2-F25328A2BA30}.Debug|x64.ActiveCfg = Debug|Any CPU
		{FE7B1ED2-779F-4C43-BFF2-F25328A2BA30}.Debug|x64.Build.0 = Debug|Any CPU
		{FE7B1ED2-779F-4C43-BFF2-F25328A2BA30}.Debug|x86.ActiveCfg = Debug|Any CPU
		{FE7B1ED2-779F-4C43-BFF2-F25328A2BA30}.Debug|x86.Build.0 = Debug|Any CPU
		{FE7B1ED2-779F-4C43-BFF2-F25328A2BA30}.Release|Any CPU.ActiveCfg = Release|Any CPU
		{FE7B1ED2-779F-4C43-BFF2-F25328A2BA30}.Release|Any CPU.Build.0 = Release|Any CPU
		{FE7B1ED2-779F-4C43-BFF2-F25328A2BA30}.Release|x64.ActiveCfg = Release|Any CPU
		{FE7B1ED2-779F-4C43-BFF2-F25328A2BA30}.Release|x64.Build.0 = Release|Any CPU
		{FE7B1ED2-779F-4C43-BFF2-F25328A2BA30}.Release|x86.ActiveCfg = Release|Any CPU
		{FE7B1ED2-779F-4C43-BFF2-F25328A2BA30}.Release|x86.Build.0 = Release|Any CPU
	EndGlobalSection
	GlobalSection(SolutionProperties) = preSolution
		HideSolutionNode = FALSE
	EndGlobalSection
	GlobalSection(ExtensibilityGlobals) = postSolution
		SolutionGuid = {114D4E28-2D20-4FAC-A96F-C2108FE6186E}
	EndGlobalSection
EndGlobal
