
Microsoft Visual Studio Solution File, Format Version 12.00
# Visual Studio Version 16
VisualStudioVersion = 16.0.30204.135
MinimumVisualStudioVersion = 15.0.26124.0
Project("{9A19103F-16F7-4668-BE54-9A1E7A4F7556}") = "Domain", "Domain\Domain.csproj", "{B7A92A4B-E15E-4EE5-AB52-C565F4CA1FEC}"
EndProject
Project("{9A19103F-16F7-4668-BE54-9A1E7A4F7556}") = "CLI", "CLI\CLI.csproj", "{400326A4-B4C1-447F-AA1E-6306C350DB10}"
EndProject
Global
	GlobalSection(SolutionConfigurationPlatforms) = preSolution
		Debug|Any CPU = Debug|Any CPU
		Debug|x64 = Debug|x64
		Debug|x86 = Debug|x86
		Release|Any CPU = Release|Any CPU
		Release|x64 = Release|x64
		Release|x86 = Release|x86
	EndGlobalSection
	GlobalSection(ProjectConfigurationPlatforms) = postSolution
		{B7A92A4B-E15E-4EE5-AB52-C565F4CA1FEC}.Debug|Any CPU.ActiveCfg = Debug|Any CPU
		{B7A92A4B-E15E-4EE5-AB52-C565F4CA1FEC}.Debug|Any CPU.Build.0 = Debug|Any CPU
		{B7A92A4B-E15E-4EE5-AB52-C565F4CA1FEC}.Debug|x64.ActiveCfg = Debug|Any CPU
		{B7A92A4B-E15E-4EE5-AB52-C565F4CA1FEC}.Debug|x64.Build.0 = Debug|Any CPU
		{B7A92A4B-E15E-4EE5-AB52-C565F4CA1FEC}.Debug|x86.ActiveCfg = Debug|Any CPU
		{B7A92A4B-E15E-4EE5-AB52-C565F4CA1FEC}.Debug|x86.Build.0 = Debug|Any CPU
		{B7A92A4B-E15E-4EE5-AB52-C565F4CA1FEC}.Release|Any CPU.ActiveCfg = Release|Any CPU
		{B7A92A4B-E15E-4EE5-AB52-C565F4CA1FEC}.Release|Any CPU.Build.0 = Release|Any CPU
		{B7A92A4B-E15E-4EE5-AB52-C565F4CA1FEC}.Release|x64.ActiveCfg = Release|Any CPU
		{B7A92A4B-E15E-4EE5-AB52-C565F4CA1FEC}.Release|x64.Build.0 = Release|Any CPU
		{B7A92A4B-E15E-4EE5-AB52-C565F4CA1FEC}.Release|x86.ActiveCfg = Release|Any CPU
		{B7A92A4B-E15E-4EE5-AB52-C565F4CA1FEC}.Release|x86.Build.0 = Release|Any CPU
		{400326A4-B4C1-447F-AA1E-6306C350DB10}.Debug|Any CPU.ActiveCfg = Debug|Any CPU
		{400326A4-B4C1-447F-AA1E-6306C350DB10}.Debug|Any CPU.Build.0 = Debug|Any CPU
		{400326A4-B4C1-447F-AA1E-6306C350DB10}.Debug|x64.ActiveCfg = Debug|Any CPU
		{400326A4-B4C1-447F-AA1E-6306C350DB10}.Debug|x64.Build.0 = Debug|Any CPU
		{400326A4-B4C1-447F-AA1E-6306C350DB10}.Debug|x86.ActiveCfg = Debug|Any CPU
		{400326A4-B4C1-447F-AA1E-6306C350DB10}.Debug|x86.Build.0 = Debug|Any CPU
		{400326A4-B4C1-447F-AA1E-6306C350DB10}.Release|Any CPU.ActiveCfg = Release|Any CPU
		{400326A4-B4C1-447F-AA1E-6306C350DB10}.Release|Any CPU.Build.0 = Release|Any CPU
		{400326A4-B4C1-447F-AA1E-6306C350DB10}.Release|x64.ActiveCfg = Release|Any CPU
		{400326A4-B4C1-447F-AA1E-6306C350DB10}.Release|x64.Build.0 = Release|Any CPU
		{400326A4-B4C1-447F-AA1E-6306C350DB10}.Release|x86.ActiveCfg = Release|Any CPU
		{400326A4-B4C1-447F-AA1E-6306C350DB10}.Release|x86.Build.0 = Release|Any CPU
	EndGlobalSection
	GlobalSection(SolutionProperties) = preSolution
		HideSolutionNode = FALSE
	EndGlobalSection
	GlobalSection(ExtensibilityGlobals) = postSolution
		SolutionGuid = {114D4E28-2D20-4FAC-A96F-C2108FE6186E}
	EndGlobalSection
EndGlobal
